// !$*UTF8*$!
{
	archiveVersion = 1;
	classes = {
	};
	objectVersion = 50;
	objects = {

/* Begin PBXBuildFile section */
		53E46459FC4938BE08DBD546 /* Pods_BirthRide.framework in Frameworks */ = {isa = PBXBuildFile; fileRef = A439B999719DA29D34AE9586 /* Pods_BirthRide.framework */; };
		A200D9B3225517B100E1B551 /* RequestRideViewController.swift in Sources */ = {isa = PBXBuildFile; fileRef = A200D9B1225517B100E1B551 /* RequestRideViewController.swift */; };
		A200D9B4225517B100E1B551 /* RequestRideViewController.xib in Resources */ = {isa = PBXBuildFile; fileRef = A200D9B2225517B100E1B551 /* RequestRideViewController.xib */; };
		A200D9C52255496E00E1B551 /* DriverWorkViewController.xib in Resources */ = {isa = PBXBuildFile; fileRef = A200D9C32255496E00E1B551 /* DriverWorkViewController.xib */; };
		A200D9C62255496E00E1B551 /* DriverWorkViewController.swift in Sources */ = {isa = PBXBuildFile; fileRef = A200D9C42255496E00E1B551 /* DriverWorkViewController.swift */; };
		A2058D6D226784920038EFC6 /* ServiceRideViewController.swift in Sources */ = {isa = PBXBuildFile; fileRef = A2058D6B226784920038EFC6 /* ServiceRideViewController.swift */; };
		A2058D6E226784920038EFC6 /* ServiceRideViewController.xib in Resources */ = {isa = PBXBuildFile; fileRef = A2058D6C226784920038EFC6 /* ServiceRideViewController.xib */; };
		A2082869225FFE7C009FE1CC /* GoogleService-Info.plist in Resources */ = {isa = PBXBuildFile; fileRef = A2082868225FFE7C009FE1CC /* GoogleService-Info.plist */; };
		A21550202242CE5C00DDF613 /* AppDelegate.swift in Sources */ = {isa = PBXBuildFile; fileRef = A215501F2242CE5C00DDF613 /* AppDelegate.swift */; };
		A21550272242CE5C00DDF613 /* Assets.xcassets in Resources */ = {isa = PBXBuildFile; fileRef = A21550262242CE5C00DDF613 /* Assets.xcassets */; };
		A215502A2242CE5C00DDF613 /* LaunchScreen.storyboard in Resources */ = {isa = PBXBuildFile; fileRef = A21550282242CE5C00DDF613 /* LaunchScreen.storyboard */; };
		A22455DD2270CA7300C5BE43 /* FetchPhotoOperation.swift in Sources */ = {isa = PBXBuildFile; fileRef = A22455DC2270CA7300C5BE43 /* FetchPhotoOperation.swift */; };
		A22455DF2270CA8400C5BE43 /* ConcurrentOperation.swift in Sources */ = {isa = PBXBuildFile; fileRef = A22455DE2270CA8400C5BE43 /* ConcurrentOperation.swift */; };
		A22455E12270CAD700C5BE43 /* URL+Secure.swift in Sources */ = {isa = PBXBuildFile; fileRef = A22455E02270CAD700C5BE43 /* URL+Secure.swift */; };
		A22455E32270CE0500C5BE43 /* Cache.swift in Sources */ = {isa = PBXBuildFile; fileRef = A22455E22270CE0500C5BE43 /* Cache.swift */; };
		A276465522652C68009C30DB /* Notification.Name+DidReceiveRideRequest.swift in Sources */ = {isa = PBXBuildFile; fileRef = A276465422652C68009C30DB /* Notification.Name+DidReceiveRideRequest.swift */; };
		A278041E22443CC5001920A0 /* UserTypeViewController.swift in Sources */ = {isa = PBXBuildFile; fileRef = A278041C22443CC5001920A0 /* UserTypeViewController.swift */; };
		A278041F22443CC5001920A0 /* UserTypeViewController.xib in Resources */ = {isa = PBXBuildFile; fileRef = A278041D22443CC5001920A0 /* UserTypeViewController.xib */; };
		A278042622444093001920A0 /* OnboardingViewController.swift in Sources */ = {isa = PBXBuildFile; fileRef = A278042422444093001920A0 /* OnboardingViewController.swift */; };
		A278042722444093001920A0 /* OnboardingViewController.xib in Resources */ = {isa = PBXBuildFile; fileRef = A278042522444093001920A0 /* OnboardingViewController.xib */; };
		A278042A2244424E001920A0 /* MotherOrCaretakerRegistrationViewController.swift in Sources */ = {isa = PBXBuildFile; fileRef = A27804282244424E001920A0 /* MotherOrCaretakerRegistrationViewController.swift */; };
		A278042B2244424E001920A0 /* MotherOrCaretakerRegistrationViewController.xib in Resources */ = {isa = PBXBuildFile; fileRef = A27804292244424E001920A0 /* MotherOrCaretakerRegistrationViewController.xib */; };
		A278042E224447A6001920A0 /* DriverRegistrationViewController.swift in Sources */ = {isa = PBXBuildFile; fileRef = A278042C224447A6001920A0 /* DriverRegistrationViewController.swift */; };
		A278042F224447A6001920A0 /* DriverRegistrationViewController.xib in Resources */ = {isa = PBXBuildFile; fileRef = A278042D224447A6001920A0 /* DriverRegistrationViewController.xib */; };
		A278043222444B97001920A0 /* DriverPhotoRegistrationViewController.swift in Sources */ = {isa = PBXBuildFile; fileRef = A278043022444B97001920A0 /* DriverPhotoRegistrationViewController.swift */; };
		A278043322444B97001920A0 /* DriverPhotoRegistrationViewController.xib in Resources */ = {isa = PBXBuildFile; fileRef = A278043122444B97001920A0 /* DriverPhotoRegistrationViewController.xib */; };
		A285C8BB2268EF4300C86BD6 /* WelcomeViewController.swift in Sources */ = {isa = PBXBuildFile; fileRef = A285C8B92268EF4300C86BD6 /* WelcomeViewController.swift */; };
		A285C8BC2268EF4300C86BD6 /* WelcomeViewController.xib in Resources */ = {isa = PBXBuildFile; fileRef = A285C8BA2268EF4300C86BD6 /* WelcomeViewController.xib */; };
		A28E5D3722726ADC00B38F60 /* AudioPlayer.swift in Sources */ = {isa = PBXBuildFile; fileRef = A28E5D3622726ADC00B38F60 /* AudioPlayer.swift */; };
		A29282CA224AD38B00FF9C28 /* PhoneAuthorizationViewController.swift in Sources */ = {isa = PBXBuildFile; fileRef = A29282C8224AD38B00FF9C28 /* PhoneAuthorizationViewController.swift */; };
		A29282CB224AD38B00FF9C28 /* PhoneAuthorizationViewController.xib in Resources */ = {isa = PBXBuildFile; fileRef = A29282C9224AD38B00FF9C28 /* PhoneAuthorizationViewController.xib */; };
		A29282D5224BE4AB00FF9C28 /* AuthenticationController.swift in Sources */ = {isa = PBXBuildFile; fileRef = A29282D4224BE4AB00FF9C28 /* AuthenticationController.swift */; };
		A29282F5224C244800FF9C28 /* UserController.swift in Sources */ = {isa = PBXBuildFile; fileRef = A29282F4224C244800FF9C28 /* UserController.swift */; };
		A292831C224D330500FF9C28 /* NSString+ConvertFromSnakeCaseToCamelCase.m in Sources */ = {isa = PBXBuildFile; fileRef = A292831B224D330500FF9C28 /* NSString+ConvertFromSnakeCaseToCamelCase.m */; };
		A292831E224D63AE00FF9C28 /* AVFoundation.framework in Frameworks */ = {isa = PBXBuildFile; fileRef = A292831D224D63AE00FF9C28 /* AVFoundation.framework */; };
		A2928320224D63B400FF9C28 /* CoreData.framework in Frameworks */ = {isa = PBXBuildFile; fileRef = A292831F224D63B400FF9C28 /* CoreData.framework */; };
		A2928322224D63BB00FF9C28 /* CoreLocation.framework in Frameworks */ = {isa = PBXBuildFile; fileRef = A2928321224D63BB00FF9C28 /* CoreLocation.framework */; };
		A2928324224D63C000FF9C28 /* CoreText.framework in Frameworks */ = {isa = PBXBuildFile; fileRef = A2928323224D63C000FF9C28 /* CoreText.framework */; };
		A2928326224D63C500FF9C28 /* GLKit.framework in Frameworks */ = {isa = PBXBuildFile; fileRef = A2928325224D63C500FF9C28 /* GLKit.framework */; };
		A2928328224D63CB00FF9C28 /* ImageIO.framework in Frameworks */ = {isa = PBXBuildFile; fileRef = A2928327224D63CB00FF9C28 /* ImageIO.framework */; };
		A292832A224D63F000FF9C28 /* libc++.tbd in Frameworks */ = {isa = PBXBuildFile; fileRef = A2928329224D63F000FF9C28 /* libc++.tbd */; };
		A292832C224D63F800FF9C28 /* libicucore.tbd in Frameworks */ = {isa = PBXBuildFile; fileRef = A292832B224D63F700FF9C28 /* libicucore.tbd */; };
		A292832E224D63FE00FF9C28 /* libz.tbd in Frameworks */ = {isa = PBXBuildFile; fileRef = A292832D224D63FE00FF9C28 /* libz.tbd */; };
		A2928330224D640300FF9C28 /* OpenGLES.framework in Frameworks */ = {isa = PBXBuildFile; fileRef = A292832F224D640300FF9C28 /* OpenGLES.framework */; };
		A2928332224D640900FF9C28 /* QuartzCore.framework in Frameworks */ = {isa = PBXBuildFile; fileRef = A2928331224D640900FF9C28 /* QuartzCore.framework */; };
		A2928334224D641200FF9C28 /* SystemConfiguration.framework in Frameworks */ = {isa = PBXBuildFile; fileRef = A2928333224D641200FF9C28 /* SystemConfiguration.framework */; };
		A2C19D952245589100FC20F0 /* ViewControllerCoordinator.swift in Sources */ = {isa = PBXBuildFile; fileRef = A2C19D942245589100FC20F0 /* ViewControllerCoordinator.swift */; };
		A2C19D9822456B8800FC20F0 /* UserType.swift in Sources */ = {isa = PBXBuildFile; fileRef = A2C19D9722456B8800FC20F0 /* UserType.swift */; };
		A2C19DAF224A881700FC20F0 /* ABCNetworkingController.m in Sources */ = {isa = PBXBuildFile; fileRef = A2C19DAE224A881700FC20F0 /* ABCNetworkingController.m */; };
		A2C19DB1224A935F00FC20F0 /* Ride.swift in Sources */ = {isa = PBXBuildFile; fileRef = A2C19DB0224A935F00FC20F0 /* Ride.swift */; };
		A2E7C1ED225F9CAB00429C13 /* UserNotifications.framework in Frameworks */ = {isa = PBXBuildFile; fileRef = A2E7C1D8225F9CAB00429C13 /* UserNotifications.framework */; };
/* End PBXBuildFile section */

/* Begin PBXContainerItemProxy section */
		A29282E6224C030400FF9C28 /* PBXContainerItemProxy */ = {
			isa = PBXContainerItemProxy;
			containerPortal = A29282D6224C030400FF9C28 /* Pods.xcodeproj */;
			proxyType = 2;
			remoteGlobalIDString = AF91D005B7A84731D530660701B86C10;
			remoteInfo = FirebaseAuth;
		};
		A29282E8224C030400FF9C28 /* PBXContainerItemProxy */ = {
			isa = PBXContainerItemProxy;
			containerPortal = A29282D6224C030400FF9C28 /* Pods.xcodeproj */;
			proxyType = 2;
			remoteGlobalIDString = E544339490BF9A7904C14BD94B64C7DC;
			remoteInfo = FirebaseCore;
		};
		A29282EC224C030400FF9C28 /* PBXContainerItemProxy */ = {
			isa = PBXContainerItemProxy;
			containerPortal = A29282D6224C030400FF9C28 /* Pods.xcodeproj */;
			proxyType = 2;
			remoteGlobalIDString = A3AD26E7CCD02D2FF30C4B22DE21A40A;
			remoteInfo = GoogleUtilities;
		};
		A29282EE224C030400FF9C28 /* PBXContainerItemProxy */ = {
			isa = PBXContainerItemProxy;
			containerPortal = A29282D6224C030400FF9C28 /* Pods.xcodeproj */;
			proxyType = 2;
			remoteGlobalIDString = B97940302A26EDD94D08D0E60395C538;
			remoteInfo = GTMSessionFetcher;
		};
		A29282F0224C030400FF9C28 /* PBXContainerItemProxy */ = {
			isa = PBXContainerItemProxy;
			containerPortal = A29282D6224C030400FF9C28 /* Pods.xcodeproj */;
			proxyType = 2;
			remoteGlobalIDString = 0A56A0973A4EBC8FDDD996F8BB35C166;
			remoteInfo = nanopb;
		};
		A29282F2224C030400FF9C28 /* PBXContainerItemProxy */ = {
			isa = PBXContainerItemProxy;
			containerPortal = A29282D6224C030400FF9C28 /* Pods.xcodeproj */;
			proxyType = 2;
			remoteGlobalIDString = FA897E0F8D7DF8DB5E46395F4F43AEED;
			remoteInfo = "Pods-BirthRide";
		};
		A2E7C1D3225E493400429C13 /* PBXContainerItemProxy */ = {
			isa = PBXContainerItemProxy;
			containerPortal = A29282D6224C030400FF9C28 /* Pods.xcodeproj */;
			proxyType = 2;
			remoteGlobalIDString = F82CE3790FF16478BA8FE8127CFE6D4B;
			remoteInfo = FirebaseMessaging;
		};
		A2E7C1D5225E493400429C13 /* PBXContainerItemProxy */ = {
			isa = PBXContainerItemProxy;
			containerPortal = A29282D6224C030400FF9C28 /* Pods.xcodeproj */;
			proxyType = 2;
			remoteGlobalIDString = DFE9841989B5285BD5437F7525EB36C6;
			remoteInfo = Protobuf;
		};
		A2E7C1EB225F9CAB00429C13 /* PBXContainerItemProxy */ = {
			isa = PBXContainerItemProxy;
			containerPortal = A29282D6224C030400FF9C28 /* Pods.xcodeproj */;
			proxyType = 2;
			remoteGlobalIDString = C09B835B1F7A7245224E721B6881CC9E;
			remoteInfo = FirebaseInstanceID;
		};
		A2EFED632346B2FD00E72FBF /* PBXContainerItemProxy */ = {
			isa = PBXContainerItemProxy;
			containerPortal = A29282D6224C030400FF9C28 /* Pods.xcodeproj */;
			proxyType = 2;
			remoteGlobalIDString = CB1B05FC6638F2FC57FC09A5A690BE5F;
			remoteInfo = AppAuth;
		};
		A2EFED652346B2FD00E72FBF /* PBXContainerItemProxy */ = {
			isa = PBXContainerItemProxy;
			containerPortal = A29282D6224C030400FF9C28 /* Pods.xcodeproj */;
			proxyType = 2;
			remoteGlobalIDString = BB14AAA86D2D06A029D6E8475C56D91C;
			remoteInfo = FirebaseCoreDiagnostics;
		};
		A2EFED672346B2FD00E72FBF /* PBXContainerItemProxy */ = {
			isa = PBXContainerItemProxy;
			containerPortal = A29282D6224C030400FF9C28 /* Pods.xcodeproj */;
			proxyType = 2;
			remoteGlobalIDString = A854832BB390E93653598060AC5E9C23;
			remoteInfo = GoogleDataTransport;
		};
		A2EFED692346B2FD00E72FBF /* PBXContainerItemProxy */ = {
			isa = PBXContainerItemProxy;
			containerPortal = A29282D6224C030400FF9C28 /* Pods.xcodeproj */;
			proxyType = 2;
			remoteGlobalIDString = D6EEB469ED696ADF4AEC9257A14E6713;
			remoteInfo = GoogleDataTransportCCTSupport;
		};
		A2EFED6B2346B2FD00E72FBF /* PBXContainerItemProxy */ = {
			isa = PBXContainerItemProxy;
			containerPortal = A29282D6224C030400FF9C28 /* Pods.xcodeproj */;
			proxyType = 2;
			remoteGlobalIDString = A1F474926EEEE6DEC5EF08620EBF0D91;
			remoteInfo = GTMAppAuth;
		};
/* End PBXContainerItemProxy section */

/* Begin PBXFileReference section */
		1143602FE9BE45AF1AF9D737 /* Pods-BirthRide.release.xcconfig */ = {isa = PBXFileReference; includeInIndex = 1; lastKnownFileType = text.xcconfig; name = "Pods-BirthRide.release.xcconfig"; path = "Target Support Files/Pods-BirthRide/Pods-BirthRide.release.xcconfig"; sourceTree = "<group>"; };
		89CC52E63F826F30E55F94FC /* Pods-BirthRide.debug.xcconfig */ = {isa = PBXFileReference; includeInIndex = 1; lastKnownFileType = text.xcconfig; name = "Pods-BirthRide.debug.xcconfig"; path = "Target Support Files/Pods-BirthRide/Pods-BirthRide.debug.xcconfig"; sourceTree = "<group>"; };
		A200D9B1225517B100E1B551 /* RequestRideViewController.swift */ = {isa = PBXFileReference; lastKnownFileType = sourcecode.swift; path = RequestRideViewController.swift; sourceTree = "<group>"; };
		A200D9B2225517B100E1B551 /* RequestRideViewController.xib */ = {isa = PBXFileReference; lastKnownFileType = file.xib; path = RequestRideViewController.xib; sourceTree = "<group>"; };
		A200D9C32255496E00E1B551 /* DriverWorkViewController.xib */ = {isa = PBXFileReference; fileEncoding = 4; lastKnownFileType = file.xib; path = DriverWorkViewController.xib; sourceTree = "<group>"; };
		A200D9C42255496E00E1B551 /* DriverWorkViewController.swift */ = {isa = PBXFileReference; fileEncoding = 4; lastKnownFileType = sourcecode.swift; path = DriverWorkViewController.swift; sourceTree = "<group>"; };
		A2058D6B226784920038EFC6 /* ServiceRideViewController.swift */ = {isa = PBXFileReference; lastKnownFileType = sourcecode.swift; path = ServiceRideViewController.swift; sourceTree = "<group>"; };
		A2058D6C226784920038EFC6 /* ServiceRideViewController.xib */ = {isa = PBXFileReference; lastKnownFileType = file.xib; name = ServiceRideViewController.xib; path = BirthRide/ServiceRideViewController.xib; sourceTree = "<group>"; };
		A2082868225FFE7C009FE1CC /* GoogleService-Info.plist */ = {isa = PBXFileReference; fileEncoding = 4; lastKnownFileType = text.plist.xml; path = "GoogleService-Info.plist"; sourceTree = "<group>"; };
		A215501C2242CE5C00DDF613 /* BirthRide.app */ = {isa = PBXFileReference; explicitFileType = wrapper.application; includeInIndex = 0; path = BirthRide.app; sourceTree = BUILT_PRODUCTS_DIR; };
		A215501F2242CE5C00DDF613 /* AppDelegate.swift */ = {isa = PBXFileReference; lastKnownFileType = sourcecode.swift; path = AppDelegate.swift; sourceTree = "<group>"; };
		A21550262242CE5C00DDF613 /* Assets.xcassets */ = {isa = PBXFileReference; lastKnownFileType = folder.assetcatalog; path = Assets.xcassets; sourceTree = "<group>"; };
		A21550292242CE5C00DDF613 /* Base */ = {isa = PBXFileReference; lastKnownFileType = file.storyboard; name = Base; path = Base.lproj/LaunchScreen.storyboard; sourceTree = "<group>"; };
		A215502B2242CE5C00DDF613 /* Info.plist */ = {isa = PBXFileReference; lastKnownFileType = text.plist.xml; path = Info.plist; sourceTree = "<group>"; };
		A22455DC2270CA7300C5BE43 /* FetchPhotoOperation.swift */ = {isa = PBXFileReference; lastKnownFileType = sourcecode.swift; path = FetchPhotoOperation.swift; sourceTree = "<group>"; };
		A22455DE2270CA8400C5BE43 /* ConcurrentOperation.swift */ = {isa = PBXFileReference; lastKnownFileType = sourcecode.swift; path = ConcurrentOperation.swift; sourceTree = "<group>"; };
		A22455E02270CAD700C5BE43 /* URL+Secure.swift */ = {isa = PBXFileReference; lastKnownFileType = sourcecode.swift; path = "URL+Secure.swift"; sourceTree = "<group>"; };
		A22455E22270CE0500C5BE43 /* Cache.swift */ = {isa = PBXFileReference; lastKnownFileType = sourcecode.swift; path = Cache.swift; sourceTree = "<group>"; };
		A276465422652C68009C30DB /* Notification.Name+DidReceiveRideRequest.swift */ = {isa = PBXFileReference; lastKnownFileType = sourcecode.swift; path = "Notification.Name+DidReceiveRideRequest.swift"; sourceTree = "<group>"; };
		A278041C22443CC5001920A0 /* UserTypeViewController.swift */ = {isa = PBXFileReference; lastKnownFileType = sourcecode.swift; path = UserTypeViewController.swift; sourceTree = "<group>"; };
		A278041D22443CC5001920A0 /* UserTypeViewController.xib */ = {isa = PBXFileReference; lastKnownFileType = file.xib; path = UserTypeViewController.xib; sourceTree = "<group>"; };
		A278042422444093001920A0 /* OnboardingViewController.swift */ = {isa = PBXFileReference; lastKnownFileType = sourcecode.swift; path = OnboardingViewController.swift; sourceTree = "<group>"; };
		A278042522444093001920A0 /* OnboardingViewController.xib */ = {isa = PBXFileReference; lastKnownFileType = file.xib; path = OnboardingViewController.xib; sourceTree = "<group>"; };
		A27804282244424E001920A0 /* MotherOrCaretakerRegistrationViewController.swift */ = {isa = PBXFileReference; lastKnownFileType = sourcecode.swift; path = MotherOrCaretakerRegistrationViewController.swift; sourceTree = "<group>"; };
		A27804292244424E001920A0 /* MotherOrCaretakerRegistrationViewController.xib */ = {isa = PBXFileReference; lastKnownFileType = file.xib; path = MotherOrCaretakerRegistrationViewController.xib; sourceTree = "<group>"; };
		A278042C224447A6001920A0 /* DriverRegistrationViewController.swift */ = {isa = PBXFileReference; lastKnownFileType = sourcecode.swift; path = DriverRegistrationViewController.swift; sourceTree = "<group>"; };
		A278042D224447A6001920A0 /* DriverRegistrationViewController.xib */ = {isa = PBXFileReference; lastKnownFileType = file.xib; path = DriverRegistrationViewController.xib; sourceTree = "<group>"; };
		A278043022444B97001920A0 /* DriverPhotoRegistrationViewController.swift */ = {isa = PBXFileReference; lastKnownFileType = sourcecode.swift; path = DriverPhotoRegistrationViewController.swift; sourceTree = "<group>"; };
		A278043122444B97001920A0 /* DriverPhotoRegistrationViewController.xib */ = {isa = PBXFileReference; lastKnownFileType = file.xib; path = DriverPhotoRegistrationViewController.xib; sourceTree = "<group>"; };
		A285C8B92268EF4300C86BD6 /* WelcomeViewController.swift */ = {isa = PBXFileReference; lastKnownFileType = sourcecode.swift; path = WelcomeViewController.swift; sourceTree = "<group>"; };
		A285C8BA2268EF4300C86BD6 /* WelcomeViewController.xib */ = {isa = PBXFileReference; lastKnownFileType = file.xib; path = WelcomeViewController.xib; sourceTree = "<group>"; };
		A28E5D3622726ADC00B38F60 /* AudioPlayer.swift */ = {isa = PBXFileReference; lastKnownFileType = sourcecode.swift; path = AudioPlayer.swift; sourceTree = "<group>"; };
		A29282C8224AD38B00FF9C28 /* PhoneAuthorizationViewController.swift */ = {isa = PBXFileReference; lastKnownFileType = sourcecode.swift; path = PhoneAuthorizationViewController.swift; sourceTree = "<group>"; };
		A29282C9224AD38B00FF9C28 /* PhoneAuthorizationViewController.xib */ = {isa = PBXFileReference; lastKnownFileType = file.xib; path = PhoneAuthorizationViewController.xib; sourceTree = "<group>"; };
		A29282D4224BE4AB00FF9C28 /* AuthenticationController.swift */ = {isa = PBXFileReference; lastKnownFileType = sourcecode.swift; path = AuthenticationController.swift; sourceTree = "<group>"; };
		A29282D6224C030400FF9C28 /* Pods.xcodeproj */ = {isa = PBXFileReference; lastKnownFileType = "wrapper.pb-project"; name = Pods.xcodeproj; path = Pods/Pods.xcodeproj; sourceTree = "<group>"; };
		A29282F4224C244800FF9C28 /* UserController.swift */ = {isa = PBXFileReference; lastKnownFileType = sourcecode.swift; path = UserController.swift; sourceTree = "<group>"; };
		A2928317224D327A00FF9C28 /* NSString+ConvertFromSnakeCaseToCamelCase.h */ = {isa = PBXFileReference; lastKnownFileType = sourcecode.c.h; path = "NSString+ConvertFromSnakeCaseToCamelCase.h"; sourceTree = "<group>"; };
		A2928318224D327A00FF9C28 /* NSString+ConvertFromSnakeCaseToCamelCase.m */ = {isa = PBXFileReference; lastKnownFileType = sourcecode.c.objc; path = "NSString+ConvertFromSnakeCaseToCamelCase.m"; sourceTree = "<group>"; };
		A292831A224D330500FF9C28 /* NSString+ConvertFromSnakeCaseToCamelCase.h */ = {isa = PBXFileReference; lastKnownFileType = sourcecode.c.h; path = "NSString+ConvertFromSnakeCaseToCamelCase.h"; sourceTree = "<group>"; };
		A292831B224D330500FF9C28 /* NSString+ConvertFromSnakeCaseToCamelCase.m */ = {isa = PBXFileReference; lastKnownFileType = sourcecode.c.objc; path = "NSString+ConvertFromSnakeCaseToCamelCase.m"; sourceTree = "<group>"; };
		A292831D224D63AE00FF9C28 /* AVFoundation.framework */ = {isa = PBXFileReference; lastKnownFileType = wrapper.framework; name = AVFoundation.framework; path = System/Library/Frameworks/AVFoundation.framework; sourceTree = SDKROOT; };
		A292831F224D63B400FF9C28 /* CoreData.framework */ = {isa = PBXFileReference; lastKnownFileType = wrapper.framework; name = CoreData.framework; path = System/Library/Frameworks/CoreData.framework; sourceTree = SDKROOT; };
		A2928321224D63BB00FF9C28 /* CoreLocation.framework */ = {isa = PBXFileReference; lastKnownFileType = wrapper.framework; name = CoreLocation.framework; path = System/Library/Frameworks/CoreLocation.framework; sourceTree = SDKROOT; };
		A2928323224D63C000FF9C28 /* CoreText.framework */ = {isa = PBXFileReference; lastKnownFileType = wrapper.framework; name = CoreText.framework; path = System/Library/Frameworks/CoreText.framework; sourceTree = SDKROOT; };
		A2928325224D63C500FF9C28 /* GLKit.framework */ = {isa = PBXFileReference; lastKnownFileType = wrapper.framework; name = GLKit.framework; path = System/Library/Frameworks/GLKit.framework; sourceTree = SDKROOT; };
		A2928327224D63CB00FF9C28 /* ImageIO.framework */ = {isa = PBXFileReference; lastKnownFileType = wrapper.framework; name = ImageIO.framework; path = System/Library/Frameworks/ImageIO.framework; sourceTree = SDKROOT; };
		A2928329224D63F000FF9C28 /* libc++.tbd */ = {isa = PBXFileReference; lastKnownFileType = "sourcecode.text-based-dylib-definition"; name = "libc++.tbd"; path = "usr/lib/libc++.tbd"; sourceTree = SDKROOT; };
		A292832B224D63F700FF9C28 /* libicucore.tbd */ = {isa = PBXFileReference; lastKnownFileType = "sourcecode.text-based-dylib-definition"; name = libicucore.tbd; path = usr/lib/libicucore.tbd; sourceTree = SDKROOT; };
		A292832D224D63FE00FF9C28 /* libz.tbd */ = {isa = PBXFileReference; lastKnownFileType = "sourcecode.text-based-dylib-definition"; name = libz.tbd; path = usr/lib/libz.tbd; sourceTree = SDKROOT; };
		A292832F224D640300FF9C28 /* OpenGLES.framework */ = {isa = PBXFileReference; lastKnownFileType = wrapper.framework; name = OpenGLES.framework; path = System/Library/Frameworks/OpenGLES.framework; sourceTree = SDKROOT; };
		A2928331224D640900FF9C28 /* QuartzCore.framework */ = {isa = PBXFileReference; lastKnownFileType = wrapper.framework; name = QuartzCore.framework; path = System/Library/Frameworks/QuartzCore.framework; sourceTree = SDKROOT; };
		A2928333224D641200FF9C28 /* SystemConfiguration.framework */ = {isa = PBXFileReference; lastKnownFileType = wrapper.framework; name = SystemConfiguration.framework; path = System/Library/Frameworks/SystemConfiguration.framework; sourceTree = SDKROOT; };
		A29283502253F35500FF9C28 /* BirthRide.entitlements */ = {isa = PBXFileReference; lastKnownFileType = text.plist.entitlements; path = BirthRide.entitlements; sourceTree = "<group>"; };
		A2C19D942245589100FC20F0 /* ViewControllerCoordinator.swift */ = {isa = PBXFileReference; lastKnownFileType = sourcecode.swift; path = ViewControllerCoordinator.swift; sourceTree = "<group>"; };
		A2C19D9722456B8800FC20F0 /* UserType.swift */ = {isa = PBXFileReference; lastKnownFileType = sourcecode.swift; path = UserType.swift; sourceTree = "<group>"; };
		A2C19DA9224A875000FC20F0 /* BirthRide-Bridging-Header.h */ = {isa = PBXFileReference; lastKnownFileType = sourcecode.c.h; path = "BirthRide-Bridging-Header.h"; sourceTree = "<group>"; };
		A2C19DAD224A881700FC20F0 /* ABCNetworkingController.h */ = {isa = PBXFileReference; lastKnownFileType = sourcecode.c.h; path = ABCNetworkingController.h; sourceTree = "<group>"; };
		A2C19DAE224A881700FC20F0 /* ABCNetworkingController.m */ = {isa = PBXFileReference; indentWidth = 3; lastKnownFileType = sourcecode.c.objc; path = ABCNetworkingController.m; sourceTree = "<group>"; };
		A2C19DB0224A935F00FC20F0 /* Ride.swift */ = {isa = PBXFileReference; lastKnownFileType = sourcecode.swift; path = Ride.swift; sourceTree = "<group>"; };
		A2E7C1D8225F9CAB00429C13 /* UserNotifications.framework */ = {isa = PBXFileReference; lastKnownFileType = wrapper.framework; name = UserNotifications.framework; path = System/Library/Frameworks/UserNotifications.framework; sourceTree = SDKROOT; };
		A439B999719DA29D34AE9586 /* Pods_BirthRide.framework */ = {isa = PBXFileReference; explicitFileType = wrapper.framework; includeInIndex = 0; path = Pods_BirthRide.framework; sourceTree = BUILT_PRODUCTS_DIR; };
/* End PBXFileReference section */

/* Begin PBXFrameworksBuildPhase section */
		A21550192242CE5C00DDF613 /* Frameworks */ = {
			isa = PBXFrameworksBuildPhase;
			buildActionMask = 2147483647;
			files = (
				A2E7C1ED225F9CAB00429C13 /* UserNotifications.framework in Frameworks */,
				A2928334224D641200FF9C28 /* SystemConfiguration.framework in Frameworks */,
				A2928332224D640900FF9C28 /* QuartzCore.framework in Frameworks */,
				A2928330224D640300FF9C28 /* OpenGLES.framework in Frameworks */,
				A292832E224D63FE00FF9C28 /* libz.tbd in Frameworks */,
				A292832C224D63F800FF9C28 /* libicucore.tbd in Frameworks */,
				A292832A224D63F000FF9C28 /* libc++.tbd in Frameworks */,
				A2928328224D63CB00FF9C28 /* ImageIO.framework in Frameworks */,
				A2928326224D63C500FF9C28 /* GLKit.framework in Frameworks */,
				A2928324224D63C000FF9C28 /* CoreText.framework in Frameworks */,
				A2928322224D63BB00FF9C28 /* CoreLocation.framework in Frameworks */,
				A2928320224D63B400FF9C28 /* CoreData.framework in Frameworks */,
				A292831E224D63AE00FF9C28 /* AVFoundation.framework in Frameworks */,
				53E46459FC4938BE08DBD546 /* Pods_BirthRide.framework in Frameworks */,
			);
			runOnlyForDeploymentPostprocessing = 0;
		};
/* End PBXFrameworksBuildPhase section */

/* Begin PBXGroup section */
		A1BAC622660EAFD4765D62F9 /* Pods */ = {
			isa = PBXGroup;
			children = (
				89CC52E63F826F30E55F94FC /* Pods-BirthRide.debug.xcconfig */,
				1143602FE9BE45AF1AF9D737 /* Pods-BirthRide.release.xcconfig */,
			);
			path = Pods;
			sourceTree = "<group>";
		};
		A21550132242CE5C00DDF613 = {
			isa = PBXGroup;
			children = (
				A215501E2242CE5C00DDF613 /* BirthRide */,
				A215501F2242CE5C00DDF613 /* AppDelegate.swift */,
				A28E5D3622726ADC00B38F60 /* AudioPlayer.swift */,
				A2082868225FFE7C009FE1CC /* GoogleService-Info.plist */,
				A215501D2242CE5C00DDF613 /* Products */,
				A2C19DA9224A875000FC20F0 /* BirthRide-Bridging-Header.h */,
				A1BAC622660EAFD4765D62F9 /* Pods */,
				B26E3D48CE5DBFB902640CCD /* Frameworks */,
			);
			sourceTree = "<group>";
		};
		A215501D2242CE5C00DDF613 /* Products */ = {
			isa = PBXGroup;
			children = (
				A215501C2242CE5C00DDF613 /* BirthRide.app */,
			);
			name = Products;
			sourceTree = "<group>";
		};
		A215501E2242CE5C00DDF613 /* BirthRide */ = {
			isa = PBXGroup;
			children = (
				A29283502253F35500FF9C28 /* BirthRide.entitlements */,
				A2E277902242D59A00F3460D /* View Controllers */,
				A2928305224C438700FF9C28 /* Mother-flow View Controllers */,
				A27804172243FDD9001920A0 /* Views */,
				A22455C92270CA5800C5BE43 /* Operations */,
				A2C19D962245589700FC20F0 /* Coordinators */,
				A2C19DA7224A86B700FC20F0 /* Controllers */,
				A2C19DA8224A86C000FC20F0 /* Models */,
				A2928316224D327600FF9C28 /* Categories/Extensions */,
				A2928319224D327A00FF9C28 /* Categories */,
				A21550262242CE5C00DDF613 /* Assets.xcassets */,
				A21550282242CE5C00DDF613 /* LaunchScreen.storyboard */,
				A215502B2242CE5C00DDF613 /* Info.plist */,
			);
			path = BirthRide;
			sourceTree = "<group>";
		};
		A22455C92270CA5800C5BE43 /* Operations */ = {
			isa = PBXGroup;
			children = (
				A22455DC2270CA7300C5BE43 /* FetchPhotoOperation.swift */,
				A22455DE2270CA8400C5BE43 /* ConcurrentOperation.swift */,
			);
			path = Operations;
			sourceTree = "<group>";
		};
		A27804172243FDD9001920A0 /* Views */ = {
			isa = PBXGroup;
			children = (
				A285C8BA2268EF4300C86BD6 /* WelcomeViewController.xib */,
				A278041D22443CC5001920A0 /* UserTypeViewController.xib */,
				A29282CC224AD39A00FF9C28 /* Authentication Views */,
				A29282CD224AD3AF00FF9C28 /* Onboarding Views */,
				A292835922542A5E00FF9C28 /* Driver-flow Views */,
				A2928304224C436F00FF9C28 /* Mother-flow Views */,
			);
			path = Views;
			sourceTree = "<group>";
		};
		A29282C6224ACF6B00FF9C28 /* Authentication View Controllers */ = {
			isa = PBXGroup;
			children = (
				A29282C8224AD38B00FF9C28 /* PhoneAuthorizationViewController.swift */,
			);
			path = "Authentication View Controllers";
			sourceTree = "<group>";
		};
		A29282C7224ACF7E00FF9C28 /* Onboarding View Controllers */ = {
			isa = PBXGroup;
			children = (
				A278042422444093001920A0 /* OnboardingViewController.swift */,
				A27804282244424E001920A0 /* MotherOrCaretakerRegistrationViewController.swift */,
				A278042C224447A6001920A0 /* DriverRegistrationViewController.swift */,
				A278043022444B97001920A0 /* DriverPhotoRegistrationViewController.swift */,
			);
			path = "Onboarding View Controllers";
			sourceTree = "<group>";
		};
		A29282CC224AD39A00FF9C28 /* Authentication Views */ = {
			isa = PBXGroup;
			children = (
				A29282C9224AD38B00FF9C28 /* PhoneAuthorizationViewController.xib */,
			);
			path = "Authentication Views";
			sourceTree = "<group>";
		};
		A29282CD224AD3AF00FF9C28 /* Onboarding Views */ = {
			isa = PBXGroup;
			children = (
				A278042522444093001920A0 /* OnboardingViewController.xib */,
				A27804292244424E001920A0 /* MotherOrCaretakerRegistrationViewController.xib */,
				A278042D224447A6001920A0 /* DriverRegistrationViewController.xib */,
				A278043122444B97001920A0 /* DriverPhotoRegistrationViewController.xib */,
			);
			path = "Onboarding Views";
			sourceTree = "<group>";
		};
		A29282D7224C030400FF9C28 /* Products */ = {
			isa = PBXGroup;
			children = (
				A2EFED642346B2FD00E72FBF /* AppAuth.framework */,
				A29282E7224C030400FF9C28 /* FirebaseAuth.framework */,
				A29282E9224C030400FF9C28 /* FirebaseCore.framework */,
				A2EFED662346B2FD00E72FBF /* FirebaseCoreDiagnostics.framework */,
				A2E7C1EC225F9CAB00429C13 /* FirebaseInstanceID.framework */,
				A2E7C1D4225E493400429C13 /* FirebaseMessaging.framework */,
				A2EFED682346B2FD00E72FBF /* GoogleDataTransport.framework */,
				A2EFED6A2346B2FD00E72FBF /* GoogleDataTransportCCTSupport.framework */,
				A29282ED224C030400FF9C28 /* GoogleUtilities.framework */,
				A2EFED6C2346B2FD00E72FBF /* GTMAppAuth.framework */,
				A29282EF224C030400FF9C28 /* GTMSessionFetcher.framework */,
				A29282F1224C030400FF9C28 /* nanopb.framework */,
				A29282F3224C030400FF9C28 /* Pods_BirthRide.framework */,
				A2E7C1D6225E493400429C13 /* protobuf.framework */,
			);
			name = Products;
			sourceTree = "<group>";
		};
		A2928304224C436F00FF9C28 /* Mother-flow Views */ = {
			isa = PBXGroup;
			children = (
				A200D9B2225517B100E1B551 /* RequestRideViewController.xib */,
			);
			path = "Mother-flow Views";
			sourceTree = "<group>";
		};
		A2928305224C438700FF9C28 /* Mother-flow View Controllers */ = {
			isa = PBXGroup;
			children = (
				A200D9B1225517B100E1B551 /* RequestRideViewController.swift */,
			);
			name = "Mother-flow View Controllers";
			path = "View Controllers";
			sourceTree = "<group>";
		};
		A2928316224D327600FF9C28 /* Categories/Extensions */ = {
			isa = PBXGroup;
			children = (
				A292831A224D330500FF9C28 /* NSString+ConvertFromSnakeCaseToCamelCase.h */,
				A292831B224D330500FF9C28 /* NSString+ConvertFromSnakeCaseToCamelCase.m */,
				A276465422652C68009C30DB /* Notification.Name+DidReceiveRideRequest.swift */,
				A22455E02270CAD700C5BE43 /* URL+Secure.swift */,
			);
			name = Categories/Extensions;
			path = ..;
			sourceTree = "<group>";
		};
		A2928319224D327A00FF9C28 /* Categories */ = {
			isa = PBXGroup;
			children = (
				A2928317224D327A00FF9C28 /* NSString+ConvertFromSnakeCaseToCamelCase.h */,
				A2928318224D327A00FF9C28 /* NSString+ConvertFromSnakeCaseToCamelCase.m */,
			);
			name = Categories;
			path = ..;
			sourceTree = "<group>";
		};
		A292835722542A3400FF9C28 /* Driver-flow View Controllers */ = {
			isa = PBXGroup;
			children = (
				A200D9C42255496E00E1B551 /* DriverWorkViewController.swift */,
				A2058D6B226784920038EFC6 /* ServiceRideViewController.swift */,
			);
			name = "Driver-flow View Controllers";
			path = ../..;
			sourceTree = "<group>";
		};
		A292835922542A5E00FF9C28 /* Driver-flow Views */ = {
			isa = PBXGroup;
			children = (
				A200D9C32255496E00E1B551 /* DriverWorkViewController.xib */,
				A2058D6C226784920038EFC6 /* ServiceRideViewController.xib */,
			);
			name = "Driver-flow Views";
			path = ../..;
			sourceTree = "<group>";
		};
		A2C19D962245589700FC20F0 /* Coordinators */ = {
			isa = PBXGroup;
			children = (
				A2C19D942245589100FC20F0 /* ViewControllerCoordinator.swift */,
			);
			path = Coordinators;
			sourceTree = "<group>";
		};
		A2C19DA7224A86B700FC20F0 /* Controllers */ = {
			isa = PBXGroup;
			children = (
				A2C19DAD224A881700FC20F0 /* ABCNetworkingController.h */,
				A2C19DAE224A881700FC20F0 /* ABCNetworkingController.m */,
				A29282D4224BE4AB00FF9C28 /* AuthenticationController.swift */,
				A29282F4224C244800FF9C28 /* UserController.swift */,
			);
			path = Controllers;
			sourceTree = "<group>";
		};
		A2C19DA8224A86C000FC20F0 /* Models */ = {
			isa = PBXGroup;
			children = (
				A2C19D9722456B8800FC20F0 /* UserType.swift */,
				A2C19DB0224A935F00FC20F0 /* Ride.swift */,
				A22455E22270CE0500C5BE43 /* Cache.swift */,
			);
			path = Models;
			sourceTree = "<group>";
		};
		A2E277902242D59A00F3460D /* View Controllers */ = {
			isa = PBXGroup;
			children = (
				A285C8B92268EF4300C86BD6 /* WelcomeViewController.swift */,
				A278041C22443CC5001920A0 /* UserTypeViewController.swift */,
				A29282C6224ACF6B00FF9C28 /* Authentication View Controllers */,
				A29282C7224ACF7E00FF9C28 /* Onboarding View Controllers */,
				A292835722542A3400FF9C28 /* Driver-flow View Controllers */,
			);
			path = "View Controllers";
			sourceTree = "<group>";
		};
		B26E3D48CE5DBFB902640CCD /* Frameworks */ = {
			isa = PBXGroup;
			children = (
				A2E7C1D8225F9CAB00429C13 /* UserNotifications.framework */,
				A2928333224D641200FF9C28 /* SystemConfiguration.framework */,
				A2928331224D640900FF9C28 /* QuartzCore.framework */,
				A292832F224D640300FF9C28 /* OpenGLES.framework */,
				A292832D224D63FE00FF9C28 /* libz.tbd */,
				A292832B224D63F700FF9C28 /* libicucore.tbd */,
				A2928329224D63F000FF9C28 /* libc++.tbd */,
				A2928327224D63CB00FF9C28 /* ImageIO.framework */,
				A2928325224D63C500FF9C28 /* GLKit.framework */,
				A2928323224D63C000FF9C28 /* CoreText.framework */,
				A2928321224D63BB00FF9C28 /* CoreLocation.framework */,
				A292831F224D63B400FF9C28 /* CoreData.framework */,
				A292831D224D63AE00FF9C28 /* AVFoundation.framework */,
				A29282D6224C030400FF9C28 /* Pods.xcodeproj */,
				A439B999719DA29D34AE9586 /* Pods_BirthRide.framework */,
			);
			name = Frameworks;
			sourceTree = "<group>";
		};
/* End PBXGroup section */

/* Begin PBXNativeTarget section */
		A215501B2242CE5C00DDF613 /* BirthRide */ = {
			isa = PBXNativeTarget;
			buildConfigurationList = A215502E2242CE5C00DDF613 /* Build configuration list for PBXNativeTarget "BirthRide" */;
			buildPhases = (
				AC88E9032420FA7BB0867D1F /* [CP] Check Pods Manifest.lock */,
				A21550182242CE5C00DDF613 /* Sources */,
				A21550192242CE5C00DDF613 /* Frameworks */,
				A215501A2242CE5C00DDF613 /* Resources */,
				1B0261BDF767814C0E5944F9 /* [CP] Embed Pods Frameworks */,
			);
			buildRules = (
			);
			dependencies = (
			);
			name = BirthRide;
			productName = BirthRide;
			productReference = A215501C2242CE5C00DDF613 /* BirthRide.app */;
			productType = "com.apple.product-type.application";
		};
/* End PBXNativeTarget section */

/* Begin PBXProject section */
		A21550142242CE5C00DDF613 /* Project object */ = {
			isa = PBXProject;
			attributes = {
				LastSwiftUpdateCheck = 1000;
				LastUpgradeCheck = 1100;
				ORGANIZATIONNAME = "Austin Cole";
				TargetAttributes = {
					A215501B2242CE5C00DDF613 = {
						CreatedOnToolsVersion = 10.0;
						LastSwiftMigration = 1020;
						SystemCapabilities = {
							com.apple.BackgroundModes = {
								enabled = 1;
							};
							com.apple.Push = {
								enabled = 1;
							};
						};
					};
				};
			};
			buildConfigurationList = A21550172242CE5C00DDF613 /* Build configuration list for PBXProject "BirthRide" */;
			compatibilityVersion = "Xcode 9.3";
			developmentRegion = en;
			hasScannedForEncodings = 0;
			knownRegions = (
				en,
				Base,
			);
			mainGroup = A21550132242CE5C00DDF613;
			productRefGroup = A215501D2242CE5C00DDF613 /* Products */;
			projectDirPath = "";
			projectReferences = (
				{
					ProductGroup = A29282D7224C030400FF9C28 /* Products */;
					ProjectRef = A29282D6224C030400FF9C28 /* Pods.xcodeproj */;
				},
			);
			projectRoot = "";
			targets = (
				A215501B2242CE5C00DDF613 /* BirthRide */,
			);
		};
/* End PBXProject section */

/* Begin PBXReferenceProxy section */
		A29282E7224C030400FF9C28 /* FirebaseAuth.framework */ = {
			isa = PBXReferenceProxy;
			fileType = wrapper.framework;
			path = FirebaseAuth.framework;
			remoteRef = A29282E6224C030400FF9C28 /* PBXContainerItemProxy */;
			sourceTree = BUILT_PRODUCTS_DIR;
		};
		A29282E9224C030400FF9C28 /* FirebaseCore.framework */ = {
			isa = PBXReferenceProxy;
			fileType = wrapper.framework;
			path = FirebaseCore.framework;
			remoteRef = A29282E8224C030400FF9C28 /* PBXContainerItemProxy */;
			sourceTree = BUILT_PRODUCTS_DIR;
		};
		A29282ED224C030400FF9C28 /* GoogleUtilities.framework */ = {
			isa = PBXReferenceProxy;
			fileType = wrapper.framework;
			path = GoogleUtilities.framework;
			remoteRef = A29282EC224C030400FF9C28 /* PBXContainerItemProxy */;
			sourceTree = BUILT_PRODUCTS_DIR;
		};
		A29282EF224C030400FF9C28 /* GTMSessionFetcher.framework */ = {
			isa = PBXReferenceProxy;
			fileType = wrapper.framework;
			path = GTMSessionFetcher.framework;
			remoteRef = A29282EE224C030400FF9C28 /* PBXContainerItemProxy */;
			sourceTree = BUILT_PRODUCTS_DIR;
		};
		A29282F1224C030400FF9C28 /* nanopb.framework */ = {
			isa = PBXReferenceProxy;
			fileType = wrapper.framework;
			path = nanopb.framework;
			remoteRef = A29282F0224C030400FF9C28 /* PBXContainerItemProxy */;
			sourceTree = BUILT_PRODUCTS_DIR;
		};
		A29282F3224C030400FF9C28 /* Pods_BirthRide.framework */ = {
			isa = PBXReferenceProxy;
			fileType = wrapper.framework;
			path = Pods_BirthRide.framework;
			remoteRef = A29282F2224C030400FF9C28 /* PBXContainerItemProxy */;
			sourceTree = BUILT_PRODUCTS_DIR;
		};
		A2E7C1D4225E493400429C13 /* FirebaseMessaging.framework */ = {
			isa = PBXReferenceProxy;
			fileType = wrapper.framework;
			path = FirebaseMessaging.framework;
			remoteRef = A2E7C1D3225E493400429C13 /* PBXContainerItemProxy */;
			sourceTree = BUILT_PRODUCTS_DIR;
		};
		A2E7C1D6225E493400429C13 /* protobuf.framework */ = {
			isa = PBXReferenceProxy;
			fileType = wrapper.framework;
			path = protobuf.framework;
			remoteRef = A2E7C1D5225E493400429C13 /* PBXContainerItemProxy */;
			sourceTree = BUILT_PRODUCTS_DIR;
		};
		A2E7C1EC225F9CAB00429C13 /* FirebaseInstanceID.framework */ = {
			isa = PBXReferenceProxy;
			fileType = wrapper.framework;
			path = FirebaseInstanceID.framework;
			remoteRef = A2E7C1EB225F9CAB00429C13 /* PBXContainerItemProxy */;
			sourceTree = BUILT_PRODUCTS_DIR;
		};
		A2EFED642346B2FD00E72FBF /* AppAuth.framework */ = {
			isa = PBXReferenceProxy;
			fileType = wrapper.framework;
			path = AppAuth.framework;
			remoteRef = A2EFED632346B2FD00E72FBF /* PBXContainerItemProxy */;
			sourceTree = BUILT_PRODUCTS_DIR;
		};
		A2EFED662346B2FD00E72FBF /* FirebaseCoreDiagnostics.framework */ = {
			isa = PBXReferenceProxy;
			fileType = wrapper.framework;
			path = FirebaseCoreDiagnostics.framework;
			remoteRef = A2EFED652346B2FD00E72FBF /* PBXContainerItemProxy */;
			sourceTree = BUILT_PRODUCTS_DIR;
		};
		A2EFED682346B2FD00E72FBF /* GoogleDataTransport.framework */ = {
			isa = PBXReferenceProxy;
			fileType = wrapper.framework;
			path = GoogleDataTransport.framework;
			remoteRef = A2EFED672346B2FD00E72FBF /* PBXContainerItemProxy */;
			sourceTree = BUILT_PRODUCTS_DIR;
		};
		A2EFED6A2346B2FD00E72FBF /* GoogleDataTransportCCTSupport.framework */ = {
			isa = PBXReferenceProxy;
			fileType = wrapper.framework;
			path = GoogleDataTransportCCTSupport.framework;
			remoteRef = A2EFED692346B2FD00E72FBF /* PBXContainerItemProxy */;
			sourceTree = BUILT_PRODUCTS_DIR;
		};
		A2EFED6C2346B2FD00E72FBF /* GTMAppAuth.framework */ = {
			isa = PBXReferenceProxy;
			fileType = wrapper.framework;
			path = GTMAppAuth.framework;
			remoteRef = A2EFED6B2346B2FD00E72FBF /* PBXContainerItemProxy */;
			sourceTree = BUILT_PRODUCTS_DIR;
		};
/* End PBXReferenceProxy section */

/* Begin PBXResourcesBuildPhase section */
		A215501A2242CE5C00DDF613 /* Resources */ = {
			isa = PBXResourcesBuildPhase;
			buildActionMask = 2147483647;
			files = (
				A29282CB224AD38B00FF9C28 /* PhoneAuthorizationViewController.xib in Resources */,
				A200D9B4225517B100E1B551 /* RequestRideViewController.xib in Resources */,
				A215502A2242CE5C00DDF613 /* LaunchScreen.storyboard in Resources */,
				A285C8BC2268EF4300C86BD6 /* WelcomeViewController.xib in Resources */,
				A200D9C52255496E00E1B551 /* DriverWorkViewController.xib in Resources */,
				A21550272242CE5C00DDF613 /* Assets.xcassets in Resources */,
				A278042F224447A6001920A0 /* DriverRegistrationViewController.xib in Resources */,
				A278042722444093001920A0 /* OnboardingViewController.xib in Resources */,
				A278041F22443CC5001920A0 /* UserTypeViewController.xib in Resources */,
				A278042B2244424E001920A0 /* MotherOrCaretakerRegistrationViewController.xib in Resources */,
				A278043322444B97001920A0 /* DriverPhotoRegistrationViewController.xib in Resources */,
				A2058D6E226784920038EFC6 /* ServiceRideViewController.xib in Resources */,
				A2082869225FFE7C009FE1CC /* GoogleService-Info.plist in Resources */,
			);
			runOnlyForDeploymentPostprocessing = 0;
		};
/* End PBXResourcesBuildPhase section */

/* Begin PBXShellScriptBuildPhase section */
		1B0261BDF767814C0E5944F9 /* [CP] Embed Pods Frameworks */ = {
			isa = PBXShellScriptBuildPhase;
			buildActionMask = 2147483647;
			files = (
			);
			inputFileListPaths = (
			);
			inputPaths = (
				"${PODS_ROOT}/Target Support Files/Pods-BirthRide/Pods-BirthRide-frameworks.sh",
				"${BUILT_PRODUCTS_DIR}/GTMSessionFetcher/GTMSessionFetcher.framework",
				"${BUILT_PRODUCTS_DIR}/GoogleUtilities/GoogleUtilities.framework",
				"${BUILT_PRODUCTS_DIR}/Protobuf/protobuf.framework",
				"${BUILT_PRODUCTS_DIR}/nanopb/nanopb.framework",
			);
			name = "[CP] Embed Pods Frameworks";
			outputFileListPaths = (
			);
			outputPaths = (
				"${TARGET_BUILD_DIR}/${FRAMEWORKS_FOLDER_PATH}/GTMSessionFetcher.framework",
				"${TARGET_BUILD_DIR}/${FRAMEWORKS_FOLDER_PATH}/GoogleUtilities.framework",
				"${TARGET_BUILD_DIR}/${FRAMEWORKS_FOLDER_PATH}/protobuf.framework",
				"${TARGET_BUILD_DIR}/${FRAMEWORKS_FOLDER_PATH}/nanopb.framework",
			);
			runOnlyForDeploymentPostprocessing = 0;
			shellPath = /bin/sh;
			shellScript = "\"${PODS_ROOT}/Target Support Files/Pods-BirthRide/Pods-BirthRide-frameworks.sh\"\n";
			showEnvVarsInLog = 0;
		};
		AC88E9032420FA7BB0867D1F /* [CP] Check Pods Manifest.lock */ = {
			isa = PBXShellScriptBuildPhase;
			buildActionMask = 2147483647;
			files = (
			);
			inputFileListPaths = (
			);
			inputPaths = (
				"${PODS_PODFILE_DIR_PATH}/Podfile.lock",
				"${PODS_ROOT}/Manifest.lock",
			);
			name = "[CP] Check Pods Manifest.lock";
			outputFileListPaths = (
			);
			outputPaths = (
				"$(DERIVED_FILE_DIR)/Pods-BirthRide-checkManifestLockResult.txt",
			);
			runOnlyForDeploymentPostprocessing = 0;
			shellPath = /bin/sh;
			shellScript = "diff \"${PODS_PODFILE_DIR_PATH}/Podfile.lock\" \"${PODS_ROOT}/Manifest.lock\" > /dev/null\nif [ $? != 0 ] ; then\n    # print error to STDERR\n    echo \"error: The sandbox is not in sync with the Podfile.lock. Run 'pod install' or update your CocoaPods installation.\" >&2\n    exit 1\nfi\n# This output is used by Xcode 'outputs' to avoid re-running this script phase.\necho \"SUCCESS\" > \"${SCRIPT_OUTPUT_FILE_0}\"\n";
			showEnvVarsInLog = 0;
		};
/* End PBXShellScriptBuildPhase section */

/* Begin PBXSourcesBuildPhase section */
		A21550182242CE5C00DDF613 /* Sources */ = {
			isa = PBXSourcesBuildPhase;
			buildActionMask = 2147483647;
			files = (
				A22455E32270CE0500C5BE43 /* Cache.swift in Sources */,
				A22455E12270CAD700C5BE43 /* URL+Secure.swift in Sources */,
				A29282D5224BE4AB00FF9C28 /* AuthenticationController.swift in Sources */,
				A29282CA224AD38B00FF9C28 /* PhoneAuthorizationViewController.swift in Sources */,
				A278042E224447A6001920A0 /* DriverRegistrationViewController.swift in Sources */,
				A2C19D952245589100FC20F0 /* ViewControllerCoordinator.swift in Sources */,
				A285C8BB2268EF4300C86BD6 /* WelcomeViewController.swift in Sources */,
				A278043222444B97001920A0 /* DriverPhotoRegistrationViewController.swift in Sources */,
				A278042A2244424E001920A0 /* MotherOrCaretakerRegistrationViewController.swift in Sources */,
				A276465522652C68009C30DB /* Notification.Name+DidReceiveRideRequest.swift in Sources */,
				A2C19DB1224A935F00FC20F0 /* Ride.swift in Sources */,
				A28E5D3722726ADC00B38F60 /* AudioPlayer.swift in Sources */,
				A278041E22443CC5001920A0 /* UserTypeViewController.swift in Sources */,
				A2C19D9822456B8800FC20F0 /* UserType.swift in Sources */,
				A278042622444093001920A0 /* OnboardingViewController.swift in Sources */,
				A200D9C62255496E00E1B551 /* DriverWorkViewController.swift in Sources */,
				A29282F5224C244800FF9C28 /* UserController.swift in Sources */,
				A22455DF2270CA8400C5BE43 /* ConcurrentOperation.swift in Sources */,
				A200D9B3225517B100E1B551 /* RequestRideViewController.swift in Sources */,
				A21550202242CE5C00DDF613 /* AppDelegate.swift in Sources */,
				A22455DD2270CA7300C5BE43 /* FetchPhotoOperation.swift in Sources */,
				A292831C224D330500FF9C28 /* NSString+ConvertFromSnakeCaseToCamelCase.m in Sources */,
				A2058D6D226784920038EFC6 /* ServiceRideViewController.swift in Sources */,
				A2C19DAF224A881700FC20F0 /* ABCNetworkingController.m in Sources */,
			);
			runOnlyForDeploymentPostprocessing = 0;
		};
/* End PBXSourcesBuildPhase section */

/* Begin PBXVariantGroup section */
		A21550282242CE5C00DDF613 /* LaunchScreen.storyboard */ = {
			isa = PBXVariantGroup;
			children = (
				A21550292242CE5C00DDF613 /* Base */,
			);
			name = LaunchScreen.storyboard;
			sourceTree = "<group>";
		};
/* End PBXVariantGroup section */

/* Begin XCBuildConfiguration section */
		A215502C2242CE5C00DDF613 /* Debug */ = {
			isa = XCBuildConfiguration;
			buildSettings = {
				ALWAYS_SEARCH_USER_PATHS = NO;
				CLANG_ANALYZER_NONNULL = YES;
				CLANG_ANALYZER_NUMBER_OBJECT_CONVERSION = YES_AGGRESSIVE;
				CLANG_CXX_LANGUAGE_STANDARD = "gnu++14";
				CLANG_CXX_LIBRARY = "libc++";
				CLANG_ENABLE_MODULES = YES;
				CLANG_ENABLE_OBJC_ARC = YES;
				CLANG_ENABLE_OBJC_WEAK = YES;
				CLANG_WARN_BLOCK_CAPTURE_AUTORELEASING = YES;
				CLANG_WARN_BOOL_CONVERSION = YES;
				CLANG_WARN_COMMA = YES;
				CLANG_WARN_CONSTANT_CONVERSION = YES;
				CLANG_WARN_DEPRECATED_OBJC_IMPLEMENTATIONS = YES;
				CLANG_WARN_DIRECT_OBJC_ISA_USAGE = YES_ERROR;
				CLANG_WARN_DOCUMENTATION_COMMENTS = YES;
				CLANG_WARN_EMPTY_BODY = YES;
				CLANG_WARN_ENUM_CONVERSION = YES;
				CLANG_WARN_INFINITE_RECURSION = YES;
				CLANG_WARN_INT_CONVERSION = YES;
				CLANG_WARN_NON_LITERAL_NULL_CONVERSION = YES;
				CLANG_WARN_OBJC_IMPLICIT_RETAIN_SELF = YES;
				CLANG_WARN_OBJC_LITERAL_CONVERSION = YES;
				CLANG_WARN_OBJC_ROOT_CLASS = YES_ERROR;
				CLANG_WARN_RANGE_LOOP_ANALYSIS = YES;
				CLANG_WARN_STRICT_PROTOTYPES = YES;
				CLANG_WARN_SUSPICIOUS_MOVE = YES;
				CLANG_WARN_UNGUARDED_AVAILABILITY = YES_AGGRESSIVE;
				CLANG_WARN_UNREACHABLE_CODE = YES;
				CLANG_WARN__DUPLICATE_METHOD_MATCH = YES;
				CODE_SIGN_IDENTITY = "iPhone Developer";
				COPY_PHASE_STRIP = NO;
				DEBUG_INFORMATION_FORMAT = dwarf;
				ENABLE_STRICT_OBJC_MSGSEND = YES;
				ENABLE_TESTABILITY = YES;
				GCC_C_LANGUAGE_STANDARD = gnu11;
				GCC_DYNAMIC_NO_PIC = NO;
				GCC_NO_COMMON_BLOCKS = YES;
				GCC_OPTIMIZATION_LEVEL = 0;
				GCC_PREPROCESSOR_DEFINITIONS = (
					"DEBUG=1",
					"$(inherited)",
				);
				GCC_WARN_64_TO_32_BIT_CONVERSION = YES;
				GCC_WARN_ABOUT_RETURN_TYPE = YES_ERROR;
				GCC_WARN_UNDECLARED_SELECTOR = YES;
				GCC_WARN_UNINITIALIZED_AUTOS = YES_AGGRESSIVE;
				GCC_WARN_UNUSED_FUNCTION = YES;
				GCC_WARN_UNUSED_VARIABLE = YES;
				IPHONEOS_DEPLOYMENT_TARGET = 12.0;
				MTL_ENABLE_DEBUG_INFO = INCLUDE_SOURCE;
				MTL_FAST_MATH = YES;
				ONLY_ACTIVE_ARCH = YES;
				SDKROOT = iphoneos;
				SWIFT_ACTIVE_COMPILATION_CONDITIONS = DEBUG;
				SWIFT_OPTIMIZATION_LEVEL = "-Onone";
			};
			name = Debug;
		};
		A215502D2242CE5C00DDF613 /* Release */ = {
			isa = XCBuildConfiguration;
			buildSettings = {
				ALWAYS_SEARCH_USER_PATHS = NO;
				CLANG_ANALYZER_NONNULL = YES;
				CLANG_ANALYZER_NUMBER_OBJECT_CONVERSION = YES_AGGRESSIVE;
				CLANG_CXX_LANGUAGE_STANDARD = "gnu++14";
				CLANG_CXX_LIBRARY = "libc++";
				CLANG_ENABLE_MODULES = YES;
				CLANG_ENABLE_OBJC_ARC = YES;
				CLANG_ENABLE_OBJC_WEAK = YES;
				CLANG_WARN_BLOCK_CAPTURE_AUTORELEASING = YES;
				CLANG_WARN_BOOL_CONVERSION = YES;
				CLANG_WARN_COMMA = YES;
				CLANG_WARN_CONSTANT_CONVERSION = YES;
				CLANG_WARN_DEPRECATED_OBJC_IMPLEMENTATIONS = YES;
				CLANG_WARN_DIRECT_OBJC_ISA_USAGE = YES_ERROR;
				CLANG_WARN_DOCUMENTATION_COMMENTS = YES;
				CLANG_WARN_EMPTY_BODY = YES;
				CLANG_WARN_ENUM_CONVERSION = YES;
				CLANG_WARN_INFINITE_RECURSION = YES;
				CLANG_WARN_INT_CONVERSION = YES;
				CLANG_WARN_NON_LITERAL_NULL_CONVERSION = YES;
				CLANG_WARN_OBJC_IMPLICIT_RETAIN_SELF = YES;
				CLANG_WARN_OBJC_LITERAL_CONVERSION = YES;
				CLANG_WARN_OBJC_ROOT_CLASS = YES_ERROR;
				CLANG_WARN_RANGE_LOOP_ANALYSIS = YES;
				CLANG_WARN_STRICT_PROTOTYPES = YES;
				CLANG_WARN_SUSPICIOUS_MOVE = YES;
				CLANG_WARN_UNGUARDED_AVAILABILITY = YES_AGGRESSIVE;
				CLANG_WARN_UNREACHABLE_CODE = YES;
				CLANG_WARN__DUPLICATE_METHOD_MATCH = YES;
				CODE_SIGN_IDENTITY = "iPhone Developer";
				COPY_PHASE_STRIP = NO;
				DEBUG_INFORMATION_FORMAT = "dwarf-with-dsym";
				ENABLE_NS_ASSERTIONS = NO;
				ENABLE_STRICT_OBJC_MSGSEND = YES;
				GCC_C_LANGUAGE_STANDARD = gnu11;
				GCC_NO_COMMON_BLOCKS = YES;
				GCC_WARN_64_TO_32_BIT_CONVERSION = YES;
				GCC_WARN_ABOUT_RETURN_TYPE = YES_ERROR;
				GCC_WARN_UNDECLARED_SELECTOR = YES;
				GCC_WARN_UNINITIALIZED_AUTOS = YES_AGGRESSIVE;
				GCC_WARN_UNUSED_FUNCTION = YES;
				GCC_WARN_UNUSED_VARIABLE = YES;
				IPHONEOS_DEPLOYMENT_TARGET = 12.0;
				MTL_ENABLE_DEBUG_INFO = NO;
				MTL_FAST_MATH = YES;
				SDKROOT = iphoneos;
				SWIFT_OPTIMIZATION_LEVEL = "-Onone";
				VALIDATE_PRODUCT = YES;
			};
			name = Release;
		};
		A215502F2242CE5C00DDF613 /* Debug */ = {
			isa = XCBuildConfiguration;
			baseConfigurationReference = 89CC52E63F826F30E55F94FC /* Pods-BirthRide.debug.xcconfig */;
			buildSettings = {
				ASSETCATALOG_COMPILER_APPICON_NAME = AppIcon;
				CLANG_ENABLE_MODULES = YES;
				CODE_SIGN_ENTITLEMENTS = BirthRide/BirthRide.entitlements;
				CODE_SIGN_STYLE = Automatic;
				DEFINES_MODULE = YES;
				DEVELOPMENT_TEAM = VXUQXR6S56;
				INFOPLIST_FILE = BirthRide/Info.plist;
				LD_RUNPATH_SEARCH_PATHS = (
					"$(inherited)",
					"@executable_path/Frameworks",
				);
				PRODUCT_BUNDLE_IDENTIFIER = "com.AustinCole.BirthRide-";
				PRODUCT_NAME = "$(TARGET_NAME)";
				SWIFT_OBJC_BRIDGING_HEADER = "BirthRide-Bridging-Header.h";
				SWIFT_OPTIMIZATION_LEVEL = "-Onone";
				SWIFT_VERSION = 5.0;
				TARGETED_DEVICE_FAMILY = "1,2";
			};
			name = Debug;
		};
		A21550302242CE5C00DDF613 /* Release */ = {
			isa = XCBuildConfiguration;
			baseConfigurationReference = 1143602FE9BE45AF1AF9D737 /* Pods-BirthRide.release.xcconfig */;
			buildSettings = {
				ASSETCATALOG_COMPILER_APPICON_NAME = AppIcon;
				CLANG_ENABLE_MODULES = YES;
				CODE_SIGN_ENTITLEMENTS = BirthRide/BirthRide.entitlements;
				CODE_SIGN_STYLE = Automatic;
				DEFINES_MODULE = YES;
				DEVELOPMENT_TEAM = VXUQXR6S56;
				INFOPLIST_FILE = BirthRide/Info.plist;
				LD_RUNPATH_SEARCH_PATHS = (
					"$(inherited)",
					"@executable_path/Frameworks",
				);
				PRODUCT_BUNDLE_IDENTIFIER = "com.AustinCole.BirthRide-";
				PRODUCT_NAME = "$(TARGET_NAME)";
				SWIFT_OBJC_BRIDGING_HEADER = "BirthRide-Bridging-Header.h";
				SWIFT_VERSION = 5.0;
				TARGETED_DEVICE_FAMILY = "1,2";
			};
			name = Release;
		};
/* End XCBuildConfiguration section */

/* Begin XCConfigurationList section */
		A21550172242CE5C00DDF613 /* Build configuration list for PBXProject "BirthRide" */ = {
			isa = XCConfigurationList;
			buildConfigurations = (
				A215502C2242CE5C00DDF613 /* Debug */,
				A215502D2242CE5C00DDF613 /* Release */,
			);
			defaultConfigurationIsVisible = 0;
			defaultConfigurationName = Release;
		};
		A215502E2242CE5C00DDF613 /* Build configuration list for PBXNativeTarget "BirthRide" */ = {
			isa = XCConfigurationList;
			buildConfigurations = (
				A215502F2242CE5C00DDF613 /* Debug */,
				A21550302242CE5C00DDF613 /* Release */,
			);
			defaultConfigurationIsVisible = 0;
			defaultConfigurationName = Release;
		};
/* End XCConfigurationList section */
	};
	rootObject = A21550142242CE5C00DDF613 /* Project object */;
}
